
Microsoft Visual Studio Solution File, Format Version 12.00
# Visual Studio Version 16
VisualStudioVersion = 16.0.29025.244
MinimumVisualStudioVersion = 10.0.40219.1
Project("{9A19103F-16F7-4668-BE54-9A1E7A4F7556}") = "MvcApp", "MvcApp.csproj", "{F114E2A1-9C8C-4CDD-B037-C1B7394F1758}"
EndProject
Project("{9A19103F-16F7-4668-BE54-9A1E7A4F7556}") = "SimpleDiscovery.AzureAppConfiguration", "..\..\src\SimpleDiscovery.AzureAppConfiguration\SimpleDiscovery.AzureAppConfiguration.csproj", "{03D256EF-0BE3-4B98-91EA-85D10CC4BAA5}"
EndProject
Project("{9A19103F-16F7-4668-BE54-9A1E7A4F7556}") = "SimpleDiscovery.EnvironmentVariables", "..\..\src\SimpleDiscovery.EnvironmentVariables\SimpleDiscovery.EnvironmentVariables.csproj", "{872F861C-F845-487E-B098-74EA05A7FA6B}"
EndProject
Project("{9A19103F-16F7-4668-BE54-9A1E7A4F7556}") = "SimpleDiscovery.AzureResourceManager", "..\..\src\SimpleDiscovery.AzureResourceManager\SimpleDiscovery.AzureResourceManager.csproj", "{28F889EA-B314-451B-9112-184CE268CCFA}"
EndProject
Global
	GlobalSection(SolutionConfigurationPlatforms) = preSolution
		Debug|Any CPU = Debug|Any CPU
		Release|Any CPU = Release|Any CPU
	EndGlobalSection
	GlobalSection(ProjectConfigurationPlatforms) = postSolution
		{F114E2A1-9C8C-4CDD-B037-C1B7394F1758}.Debug|Any CPU.ActiveCfg = Debug|Any CPU
		{F114E2A1-9C8C-4CDD-B037-C1B7394F1758}.Debug|Any CPU.Build.0 = Debug|Any CPU
		{F114E2A1-9C8C-4CDD-B037-C1B7394F1758}.Release|Any CPU.ActiveCfg = Release|Any CPU
		{F114E2A1-9C8C-4CDD-B037-C1B7394F1758}.Release|Any CPU.Build.0 = Release|Any CPU
		{03D256EF-0BE3-4B98-91EA-85D10CC4BAA5}.Debug|Any CPU.ActiveCfg = Debug|Any CPU
		{03D256EF-0BE3-4B98-91EA-85D10CC4BAA5}.Debug|Any CPU.Build.0 = Debug|Any CPU
		{03D256EF-0BE3-4B98-91EA-85D10CC4BAA5}.Release|Any CPU.ActiveCfg = Release|Any CPU
		{03D256EF-0BE3-4B98-91EA-85D10CC4BAA5}.Release|Any CPU.Build.0 = Release|Any CPU
		{872F861C-F845-487E-B098-74EA05A7FA6B}.Debug|Any CPU.ActiveCfg = Debug|Any CPU
		{872F861C-F845-487E-B098-74EA05A7FA6B}.Debug|Any CPU.Build.0 = Debug|Any CPU
		{872F861C-F845-487E-B098-74EA05A7FA6B}.Release|Any CPU.ActiveCfg = Release|Any CPU
		{872F861C-F845-487E-B098-74EA05A7FA6B}.Release|Any CPU.Build.0 = Release|Any CPU
		{28F889EA-B314-451B-9112-184CE268CCFA}.Debug|Any CPU.ActiveCfg = Debug|Any CPU
		{28F889EA-B314-451B-9112-184CE268CCFA}.Debug|Any CPU.Build.0 = Debug|Any CPU
		{28F889EA-B314-451B-9112-184CE268CCFA}.Release|Any CPU.ActiveCfg = Release|Any CPU
		{28F889EA-B314-451B-9112-184CE268CCFA}.Release|Any CPU.Build.0 = Release|Any CPU
	EndGlobalSection
	GlobalSection(SolutionProperties) = preSolution
		HideSolutionNode = FALSE
	EndGlobalSection
	GlobalSection(ExtensibilityGlobals) = postSolution
		SolutionGuid = {A14A9E87-2313-40B3-AE59-111009D46DD5}
	EndGlobalSection
EndGlobal
